
Microsoft Visual Studio Solution File, Format Version 12.00
# Visual Studio Version 17
VisualStudioVersion = 17.10.35122.118
MinimumVisualStudioVersion = 10.0.40219.1
Project("{8BC9CEB8-8B4A-11D0-8D11-00A0C91BC942}") = "ConsoleApplication1", "ConsoleApplication1\ConsoleApplication1.vcxproj", "{4B9368AF-F2E6-42C6-8C47-3930E80143DB}"
EndProject
Global
	GlobalSection(SolutionConfigurationPlatforms) = preSolution
		Debug|x64 = Debug|x64
		Debug|x86 = Debug|x86
		Release|x64 = Release|x64
		Release|x86 = Release|x86
	EndGlobalSection
	GlobalSection(ProjectConfigurationPlatforms) = postSolution
		{4B9368AF-F2E6-42C6-8C47-3930E80143DB}.Debug|x64.ActiveCfg = Debug|x64
		{4B9368AF-F2E6-42C6-8C47-3930E80143DB}.Debug|x64.Build.0 = Debug|x64
		{4B9368AF-F2E6-42C6-8C47-3930E80143DB}.Debug|x86.ActiveCfg = Debug|Win32
		{4B9368AF-F2E6-42C6-8C47-3930E80143DB}.Debug|x86.Build.0 = Debug|Win32
		{4B9368AF-F2E6-42C6-8C47-3930E80143DB}.Release|x64.ActiveCfg = Release|x64
		{4B9368AF-F2E6-42C6-8C47-3930E80143DB}.Release|x64.Build.0 = Release|x64
		{4B9368AF-F2E6-42C6-8C47-3930E80143DB}.Release|x86.ActiveCfg = Release|Win32
		{4B9368AF-F2E6-42C6-8C47-3930E80143DB}.Release|x86.Build.0 = Release|Win32
	EndGlobalSection
	GlobalSection(SolutionProperties) = preSolution
		HideSolutionNode = FALSE
	EndGlobalSection
	GlobalSection(ExtensibilityGlobals) = postSolution
		SolutionGuid = {5FC1FC96-D51F-4012-9BAA-9F91CEA88A38}
	EndGlobalSection
EndGlobal
